
Microsoft Visual Studio Solution File, Format Version 12.00
# Visual Studio 15
VisualStudioVersion = 15.0.26124.0
MinimumVisualStudioVersion = 15.0.26124.0
Project("{9A19103F-16F7-4668-BE54-9A1E7A4F7556}") = "Business", "Business\Business.csproj", "{D74CBEB6-8651-418B-BAB5-765EE342E133}"
EndProject
Project("{9A19103F-16F7-4668-BE54-9A1E7A4F7556}") = "ConsoleApp", "ConsoleApp\ConsoleApp.csproj", "{8159F4F8-ECB2-4FC5-A0BA-83809B65B151}"
EndProject
Global
	GlobalSection(SolutionConfigurationPlatforms) = preSolution
		Debug|Any CPU = Debug|Any CPU
		Debug|x64 = Debug|x64
		Debug|x86 = Debug|x86
		Release|Any CPU = Release|Any CPU
		Release|x64 = Release|x64
		Release|x86 = Release|x86
	EndGlobalSection
	GlobalSection(ProjectConfigurationPlatforms) = postSolution
		{D74CBEB6-8651-418B-BAB5-765EE342E133}.Debug|Any CPU.ActiveCfg = Debug|Any CPU
		{D74CBEB6-8651-418B-BAB5-765EE342E133}.Debug|Any CPU.Build.0 = Debug|Any CPU
		{D74CBEB6-8651-418B-BAB5-765EE342E133}.Debug|x64.ActiveCfg = Debug|Any CPU
		{D74CBEB6-8651-418B-BAB5-765EE342E133}.Debug|x64.Build.0 = Debug|Any CPU
		{D74CBEB6-8651-418B-BAB5-765EE342E133}.Debug|x86.ActiveCfg = Debug|Any CPU
		{D74CBEB6-8651-418B-BAB5-765EE342E133}.Debug|x86.Build.0 = Debug|Any CPU
		{D74CBEB6-8651-418B-BAB5-765EE342E133}.Release|Any CPU.ActiveCfg = Release|Any CPU
		{D74CBEB6-8651-418B-BAB5-765EE342E133}.Release|Any CPU.Build.0 = Release|Any CPU
		{D74CBEB6-8651-418B-BAB5-765EE342E133}.Release|x64.ActiveCfg = Release|Any CPU
		{D74CBEB6-8651-418B-BAB5-765EE342E133}.Release|x64.Build.0 = Release|Any CPU
		{D74CBEB6-8651-418B-BAB5-765EE342E133}.Release|x86.ActiveCfg = Release|Any CPU
		{D74CBEB6-8651-418B-BAB5-765EE342E133}.Release|x86.Build.0 = Release|Any CPU
		{8159F4F8-ECB2-4FC5-A0BA-83809B65B151}.Debug|Any CPU.ActiveCfg = Debug|Any CPU
		{8159F4F8-ECB2-4FC5-A0BA-83809B65B151}.Debug|Any CPU.Build.0 = Debug|Any CPU
		{8159F4F8-ECB2-4FC5-A0BA-83809B65B151}.Debug|x64.ActiveCfg = Debug|Any CPU
		{8159F4F8-ECB2-4FC5-A0BA-83809B65B151}.Debug|x64.Build.0 = Debug|Any CPU
		{8159F4F8-ECB2-4FC5-A0BA-83809B65B151}.Debug|x86.ActiveCfg = Debug|Any CPU
		{8159F4F8-ECB2-4FC5-A0BA-83809B65B151}.Debug|x86.Build.0 = Debug|Any CPU
		{8159F4F8-ECB2-4FC5-A0BA-83809B65B151}.Release|Any CPU.ActiveCfg = Release|Any CPU
		{8159F4F8-ECB2-4FC5-A0BA-83809B65B151}.Release|Any CPU.Build.0 = Release|Any CPU
		{8159F4F8-ECB2-4FC5-A0BA-83809B65B151}.Release|x64.ActiveCfg = Release|Any CPU
		{8159F4F8-ECB2-4FC5-A0BA-83809B65B151}.Release|x64.Build.0 = Release|Any CPU
		{8159F4F8-ECB2-4FC5-A0BA-83809B65B151}.Release|x86.ActiveCfg = Release|Any CPU
		{8159F4F8-ECB2-4FC5-A0BA-83809B65B151}.Release|x86.Build.0 = Release|Any CPU
	EndGlobalSection
	GlobalSection(SolutionProperties) = preSolution
		HideSolutionNode = FALSE
	EndGlobalSection
	GlobalSection(ExtensibilityGlobals) = postSolution
		SolutionGuid = {9E56DFE2-15C6-4CA6-8F01-5A33C06DA7B0}
	EndGlobalSection
EndGlobal
